
Microsoft Visual Studio Solution File, Format Version 12.00
# Visual Studio Version 16
VisualStudioVersion = 16.0.29709.97
MinimumVisualStudioVersion = 10.0.40219.1
Project("{9A19103F-16F7-4668-BE54-9A1E7A4F7556}") = "DemoCoreAPIWeb", "DemoCoreAPIWeb\DemoCoreAPIWeb.csproj", "{0595C35F-DA2B-470D-A534-6AA97EE6DB9C}"
EndProject
Project("{FAE04EC0-301F-11D3-BF4B-00C04F79EFBC}") = "DemoCoreAPI.BusinessLogic", "DemoCoreAPIService.BusinessLogic\DemoCoreAPI.BusinessLogic.csproj", "{ABCE2AA2-1793-4312-A249-82EC9396FAB7}"
EndProject
Project("{FAE04EC0-301F-11D3-BF4B-00C04F79EFBC}") = "DemoCoreAPI.DomainModels", "DemoCoreAPI.DomainModels\DemoCoreAPI.DomainModels.csproj", "{D02DBAD0-C020-4318-8E77-D8E1A66DAAF4}"
EndProject
Project("{FAE04EC0-301F-11D3-BF4B-00C04F79EFBC}") = "DemoCoreAPI.Data", "DemoCoreAPI.Data\DemoCoreAPI.Data.csproj", "{47A31FEE-435B-42ED-B1EC-020349D51055}"
EndProject
Project("{FAE04EC0-301F-11D3-BF4B-00C04F79EFBC}") = "DemoCoreAPI.Data.SQLServer", "DemoCoreAPI.Data.SQLServer\DemoCoreAPI.Data.SQLServer.csproj", "{A20E851F-B781-4924-8370-963D409DC03B}"
EndProject
Global
	GlobalSection(SolutionConfigurationPlatforms) = preSolution
		Debug|Any CPU = Debug|Any CPU
		Release|Any CPU = Release|Any CPU
	EndGlobalSection
	GlobalSection(ProjectConfigurationPlatforms) = postSolution
		{0595C35F-DA2B-470D-A534-6AA97EE6DB9C}.Debug|Any CPU.ActiveCfg = Debug|Any CPU
		{0595C35F-DA2B-470D-A534-6AA97EE6DB9C}.Debug|Any CPU.Build.0 = Debug|Any CPU
		{0595C35F-DA2B-470D-A534-6AA97EE6DB9C}.Release|Any CPU.ActiveCfg = Release|Any CPU
		{0595C35F-DA2B-470D-A534-6AA97EE6DB9C}.Release|Any CPU.Build.0 = Release|Any CPU
		{ABCE2AA2-1793-4312-A249-82EC9396FAB7}.Debug|Any CPU.ActiveCfg = Debug|Any CPU
		{ABCE2AA2-1793-4312-A249-82EC9396FAB7}.Debug|Any CPU.Build.0 = Debug|Any CPU
		{ABCE2AA2-1793-4312-A249-82EC9396FAB7}.Release|Any CPU.ActiveCfg = Release|Any CPU
		{ABCE2AA2-1793-4312-A249-82EC9396FAB7}.Release|Any CPU.Build.0 = Release|Any CPU
		{D02DBAD0-C020-4318-8E77-D8E1A66DAAF4}.Debug|Any CPU.ActiveCfg = Debug|Any CPU
		{D02DBAD0-C020-4318-8E77-D8E1A66DAAF4}.Debug|Any CPU.Build.0 = Debug|Any CPU
		{D02DBAD0-C020-4318-8E77-D8E1A66DAAF4}.Release|Any CPU.ActiveCfg = Release|Any CPU
		{D02DBAD0-C020-4318-8E77-D8E1A66DAAF4}.Release|Any CPU.Build.0 = Release|Any CPU
		{47A31FEE-435B-42ED-B1EC-020349D51055}.Debug|Any CPU.ActiveCfg = Debug|Any CPU
		{47A31FEE-435B-42ED-B1EC-020349D51055}.Debug|Any CPU.Build.0 = Debug|Any CPU
		{47A31FEE-435B-42ED-B1EC-020349D51055}.Release|Any CPU.ActiveCfg = Release|Any CPU
		{47A31FEE-435B-42ED-B1EC-020349D51055}.Release|Any CPU.Build.0 = Release|Any CPU
		{A20E851F-B781-4924-8370-963D409DC03B}.Debug|Any CPU.ActiveCfg = Debug|Any CPU
		{A20E851F-B781-4924-8370-963D409DC03B}.Debug|Any CPU.Build.0 = Debug|Any CPU
		{A20E851F-B781-4924-8370-963D409DC03B}.Release|Any CPU.ActiveCfg = Release|Any CPU
		{A20E851F-B781-4924-8370-963D409DC03B}.Release|Any CPU.Build.0 = Release|Any CPU
	EndGlobalSection
	GlobalSection(SolutionProperties) = preSolution
		HideSolutionNode = FALSE
	EndGlobalSection
	GlobalSection(ExtensibilityGlobals) = postSolution
		SolutionGuid = {469F8558-CE67-41F3-B47C-D67020351EF5}
	EndGlobalSection
EndGlobal
