
Microsoft Visual Studio Solution File, Format Version 12.00
# Visual Studio Version 16
VisualStudioVersion = 16.0.29709.97
MinimumVisualStudioVersion = 10.0.40219.1
Project("{9A19103F-16F7-4668-BE54-9A1E7A4F7556}") = "DemoCoreAPI.BusinessLogic", "DemoCoreAPI.BusinessLogic\DemoCoreAPI.BusinessLogic.csproj", "{ABCE2AA2-1793-4312-A249-82EC9396FAB7}"
EndProject
Project("{9A19103F-16F7-4668-BE54-9A1E7A4F7556}") = "DemoCoreAPI.DomainModels", "DemoCoreAPI.DomainModels\DemoCoreAPI.DomainModels.csproj", "{D02DBAD0-C020-4318-8E77-D8E1A66DAAF4}"
EndProject
Project("{9A19103F-16F7-4668-BE54-9A1E7A4F7556}") = "DemoCoreAPI.Data", "DemoCoreAPI.Data\DemoCoreAPI.Data.csproj", "{47A31FEE-435B-42ED-B1EC-020349D51055}"
EndProject
Project("{9A19103F-16F7-4668-BE54-9A1E7A4F7556}") = "DemoCoreAPI.Data.SQLServer", "DemoCoreAPI.Data.SQLServer\DemoCoreAPI.Data.SQLServer.csproj", "{A20E851F-B781-4924-8370-963D409DC03B}"
EndProject
Project("{9A19103F-16F7-4668-BE54-9A1E7A4F7556}") = "DemoCoreAPI.Web", "DemoCoreAPI.Web\DemoCoreAPI.Web.csproj", "{E2AF7FD8-F132-4DAB-B4F8-99DCA1AEBCF5}"
EndProject
Project("{2150E333-8FDC-42A3-9474-1A3956D46DE8}") = "Tests", "Tests", "{22440127-6973-4368-9DBF-D634BDA3DF59}"
EndProject
Project("{9A19103F-16F7-4668-BE54-9A1E7A4F7556}") = "DemoCoreApi.Services.Test", "DemoCoreApi.Services.Test\DemoCoreApi.Services.Test.csproj", "{23009F35-8662-4463-8E48-526A99A1EE95}"
EndProject
Global
	GlobalSection(SolutionConfigurationPlatforms) = preSolution
		Debug|Any CPU = Debug|Any CPU
		Release|Any CPU = Release|Any CPU
	EndGlobalSection
	GlobalSection(ProjectConfigurationPlatforms) = postSolution
		{ABCE2AA2-1793-4312-A249-82EC9396FAB7}.Debug|Any CPU.ActiveCfg = Debug|Any CPU
		{ABCE2AA2-1793-4312-A249-82EC9396FAB7}.Debug|Any CPU.Build.0 = Debug|Any CPU
		{ABCE2AA2-1793-4312-A249-82EC9396FAB7}.Release|Any CPU.ActiveCfg = Release|Any CPU
		{ABCE2AA2-1793-4312-A249-82EC9396FAB7}.Release|Any CPU.Build.0 = Release|Any CPU
		{D02DBAD0-C020-4318-8E77-D8E1A66DAAF4}.Debug|Any CPU.ActiveCfg = Debug|Any CPU
		{D02DBAD0-C020-4318-8E77-D8E1A66DAAF4}.Debug|Any CPU.Build.0 = Debug|Any CPU
		{D02DBAD0-C020-4318-8E77-D8E1A66DAAF4}.Release|Any CPU.ActiveCfg = Release|Any CPU
		{D02DBAD0-C020-4318-8E77-D8E1A66DAAF4}.Release|Any CPU.Build.0 = Release|Any CPU
		{47A31FEE-435B-42ED-B1EC-020349D51055}.Debug|Any CPU.ActiveCfg = Debug|Any CPU
		{47A31FEE-435B-42ED-B1EC-020349D51055}.Debug|Any CPU.Build.0 = Debug|Any CPU
		{47A31FEE-435B-42ED-B1EC-020349D51055}.Release|Any CPU.ActiveCfg = Release|Any CPU
		{47A31FEE-435B-42ED-B1EC-020349D51055}.Release|Any CPU.Build.0 = Release|Any CPU
		{A20E851F-B781-4924-8370-963D409DC03B}.Debug|Any CPU.ActiveCfg = Debug|Any CPU
		{A20E851F-B781-4924-8370-963D409DC03B}.Debug|Any CPU.Build.0 = Debug|Any CPU
		{A20E851F-B781-4924-8370-963D409DC03B}.Release|Any CPU.ActiveCfg = Release|Any CPU
		{A20E851F-B781-4924-8370-963D409DC03B}.Release|Any CPU.Build.0 = Release|Any CPU
		{E2AF7FD8-F132-4DAB-B4F8-99DCA1AEBCF5}.Debug|Any CPU.ActiveCfg = Debug|Any CPU
		{E2AF7FD8-F132-4DAB-B4F8-99DCA1AEBCF5}.Debug|Any CPU.Build.0 = Debug|Any CPU
		{E2AF7FD8-F132-4DAB-B4F8-99DCA1AEBCF5}.Release|Any CPU.ActiveCfg = Release|Any CPU
		{E2AF7FD8-F132-4DAB-B4F8-99DCA1AEBCF5}.Release|Any CPU.Build.0 = Release|Any CPU
		{23009F35-8662-4463-8E48-526A99A1EE95}.Debug|Any CPU.ActiveCfg = Debug|Any CPU
		{23009F35-8662-4463-8E48-526A99A1EE95}.Debug|Any CPU.Build.0 = Debug|Any CPU
		{23009F35-8662-4463-8E48-526A99A1EE95}.Release|Any CPU.ActiveCfg = Release|Any CPU
		{23009F35-8662-4463-8E48-526A99A1EE95}.Release|Any CPU.Build.0 = Release|Any CPU
	EndGlobalSection
	GlobalSection(SolutionProperties) = preSolution
		HideSolutionNode = FALSE
	EndGlobalSection
	GlobalSection(NestedProjects) = preSolution
		{23009F35-8662-4463-8E48-526A99A1EE95} = {22440127-6973-4368-9DBF-D634BDA3DF59}
	EndGlobalSection
	GlobalSection(ExtensibilityGlobals) = postSolution
		SolutionGuid = {469F8558-CE67-41F3-B47C-D67020351EF5}
	EndGlobalSection
EndGlobal
